<?xml version="1.0" encoding="UTF-8"?>
<Scheme
   LastUpgradeVersion = "1400"
   version = "1.3">
   <BuildAction
      parallelizeBuildables = "YES"
      buildImplicitDependencies = "YES">
      <BuildActionEntries>
         <BuildActionEntry
            buildForTesting = "YES"
            buildForRunning = "YES"
            buildForProfiling = "YES"
            buildForArchiving = "YES"
            buildForAnalyzing = "YES">
            <BuildableReference
               BuildableIdentifier = "primary"
               BlueprintIdentifier = "53A58E092706F8BA008EC8D7"
               BuildableName = "&#x8328;&#x5927;&#x975e;&#x516c;&#x5f0f;App.app"
               BlueprintName = "IbarakiUiniversityApp"
               ReferencedContainer = "container:IbarakiUiniversityApp.xcodeproj">
            </BuildableReference>
         </BuildActionEntry>
      </BuildActionEntries>
   </BuildAction>
   <TestAction
      buildConfiguration = "Debug"
      selectedDebuggerIdentifier = "Xcode.DebuggerFoundation.Debugger.LLDB"
      selectedLauncherIdentifier = "Xcode.DebuggerFoundation.Launcher.LLDB"
      shouldUseLaunchSchemeArgsEnv = "YES"
      codeCoverageEnabled = "YES"
      onlyGenerateCoverageForSpecifiedTargets = "YES">
      <CodeCoverageTargets>
         <BuildableReference
            BuildableIdentifier = "primary"
            BlueprintIdentifier = "532EA2E128DAB81000DD1A28"
            BuildableName = "IbarakiUnimversityAppTests.xctest"
            BlueprintName = "IbarakiUnimversityAppTests"
            ReferencedContainer = "container:IbarakiUiniversityApp.xcodeproj">
         </BuildableReference>
      </CodeCoverageTargets>
      <Testables>
         <TestableReference
            skipped = "NO">
            <BuildableReference
               BuildableIdentifier = "primary"
               BlueprintIdentifier = "5384D93E2833B761007F3408"
               BuildableName = "IBADAIAppUITests.xctest"
               BlueprintName = "IBADAIAppUITests"
               ReferencedContainer = "container:IbarakiUiniversityApp.xcodeproj">
            </BuildableReference>
         </TestableReference>
         <TestableReference
            skipped = "NO"
            parallelizable = "YES">
            <BuildableReference
               BuildableIdentifier = "primary"
               BlueprintIdentifier = "532EA2E128DAB81000DD1A28"
               BuildableName = "IbarakiUnimversityAppTests.xctest"
               BlueprintName = "IbarakiUnimversityAppTests"
               ReferencedContainer = "container:IbarakiUiniversityApp.xcodeproj">
            </BuildableReference>
         </TestableReference>
      </Testables>
   </TestAction>
   <LaunchAction
      buildConfiguration = "Debug"
      selectedDebuggerIdentifier = "Xcode.DebuggerFoundation.Debugger.LLDB"
      selectedLauncherIdentifier = "Xcode.DebuggerFoundation.Launcher.LLDB"
      launchStyle = "0"
      useCustomWorkingDirectory = "NO"
      ignoresPersistentStateOnLaunch = "NO"
      debugDocumentVersioning = "YES"
      debugServiceExtension = "internal"
      allowLocationSimulation = "YES">
      <BuildableProductRunnable
         runnableDebuggingMode = "0">
         <BuildableReference
            BuildableIdentifier = "primary"
            BlueprintIdentifier = "53A58E092706F8BA008EC8D7"
            BuildableName = "&#x8328;&#x5927;&#x975e;&#x516c;&#x5f0f;App.app"
            BlueprintName = "IbarakiUiniversityApp"
            ReferencedContainer = "container:IbarakiUiniversityApp.xcodeproj">
         </BuildableReference>
      </BuildableProductRunnable>
   </LaunchAction>
   <ProfileAction
      buildConfiguration = "Release"
      shouldUseLaunchSchemeArgsEnv = "YES"
      savedToolIdentifier = ""
      useCustomWorkingDirectory = "NO"
      debugDocumentVersioning = "YES">
      <BuildableProductRunnable
         runnableDebuggingMode = "0">
         <BuildableReference
            BuildableIdentifier = "primary"
            BlueprintIdentifier = "53A58E092706F8BA008EC8D7"
            BuildableName = "&#x8328;&#x5927;&#x975e;&#x516c;&#x5f0f;App.app"
            BlueprintName = "IbarakiUiniversityApp"
            ReferencedContainer = "container:IbarakiUiniversityApp.xcodeproj">
         </BuildableReference>
      </BuildableProductRunnable>
   </ProfileAction>
   <AnalyzeAction
      buildConfiguration = "Debug">
   </AnalyzeAction>
   <ArchiveAction
      buildConfiguration = "Release"
      revealArchiveInOrganizer = "YES">
   </ArchiveAction>
</Scheme>
